{
  "object": {
    "pins": [
      {
        "package": "sha1-swift",
        "repositoryURL": "https://github.com/nixberg/sha1-swift",
        "state": {
          "branch": null,
          "revision": "35ff747f3be66c6313283635c09f9650aa94c455",
          "version": "0.2.0"
        }
      },
      {
        "package": "swift-argument-parser",
        "repositoryURL": "https://github.com/apple/swift-argument-parser",
        "state": {
          "branch": null,
          "revision": "6b2aa2748a7881eebb9f84fb10c01293e15b52ca",
          "version": "0.5.0"
        }
      }
    ]
  },
  "version": 1
}
