{
  "object": {
    "pins": [
      {
        "package": "sha1-swift",
        "repositoryURL": "https://github.com/nixberg/sha1-swift",
        "state": {
          "branch": null,
          "revision": "35ff747f3be66c6313283635c09f9650aa94c455",
          "version": "0.2.0"
        }
      },
      {
        "package": "swift-argument-parser",
        "repositoryURL": "https://github.com/apple/swift-argument-parser",
        "state": {
          "branch": null,
          "revision": "eb51f949cdd0c9d88abba9ce79d37eb7ea1231d0",
          "version": "0.2.0"
        }
      }
    ]
  },
  "version": 1
}
